
Microsoft Visual Studio Solution File, Format Version 12.00
# Visual Studio Version 17
VisualStudioVersion = 17.14.36401.2 d17.14
MinimumVisualStudioVersion = 10.0.40219.1
Project("{FAE04EC0-301F-11D3-BF4B-00C04F79EFBC}") = "Exercicio_08_08_25", "Exercicio_08_08_25.csproj", "{401B5928-9BC1-4D18-B4E9-5934BFBB4385}"
EndProject
Global
	GlobalSection(SolutionConfigurationPlatforms) = preSolution
		Debug|Any CPU = Debug|Any CPU
		Release|Any CPU = Release|Any CPU
	EndGlobalSection
	GlobalSection(ProjectConfigurationPlatforms) = postSolution
		{401B5928-9BC1-4D18-B4E9-5934BFBB4385}.Debug|Any CPU.ActiveCfg = Debug|Any CPU
		{401B5928-9BC1-4D18-B4E9-5934BFBB4385}.Debug|Any CPU.Build.0 = Debug|Any CPU
		{401B5928-9BC1-4D18-B4E9-5934BFBB4385}.Release|Any CPU.ActiveCfg = Release|Any CPU
		{401B5928-9BC1-4D18-B4E9-5934BFBB4385}.Release|Any CPU.Build.0 = Release|Any CPU
	EndGlobalSection
	GlobalSection(SolutionProperties) = preSolution
		HideSolutionNode = FALSE
	EndGlobalSection
	GlobalSection(ExtensibilityGlobals) = postSolution
		SolutionGuid = {E455693B-B779-46C1-9F68-A6AF00867C3C}
	EndGlobalSection
EndGlobal
