
Microsoft Visual Studio Solution File, Format Version 12.00
# Visual Studio Version 17
VisualStudioVersion = 17.14.36401.2 d17.14
MinimumVisualStudioVersion = 10.0.40219.1
Project("{FAE04EC0-301F-11D3-BF4B-00C04F79EFBC}") = "Exercicio_08_08", "Exercicio_08_08.csproj", "{4F1CAF07-A783-4B4D-9ADE-2C241615D2C2}"
EndProject
Global
	GlobalSection(SolutionConfigurationPlatforms) = preSolution
		Debug|Any CPU = Debug|Any CPU
		Release|Any CPU = Release|Any CPU
	EndGlobalSection
	GlobalSection(ProjectConfigurationPlatforms) = postSolution
		{4F1CAF07-A783-4B4D-9ADE-2C241615D2C2}.Debug|Any CPU.ActiveCfg = Debug|Any CPU
		{4F1CAF07-A783-4B4D-9ADE-2C241615D2C2}.Debug|Any CPU.Build.0 = Debug|Any CPU
		{4F1CAF07-A783-4B4D-9ADE-2C241615D2C2}.Release|Any CPU.ActiveCfg = Release|Any CPU
		{4F1CAF07-A783-4B4D-9ADE-2C241615D2C2}.Release|Any CPU.Build.0 = Release|Any CPU
	EndGlobalSection
	GlobalSection(SolutionProperties) = preSolution
		HideSolutionNode = FALSE
	EndGlobalSection
	GlobalSection(ExtensibilityGlobals) = postSolution
		SolutionGuid = {FA5B63D6-C148-459B-ABC8-07A4FF3714A5}
	EndGlobalSection
EndGlobal
