
Microsoft Visual Studio Solution File, Format Version 12.00
# Visual Studio Version 17
VisualStudioVersion = 17.14.36408.4 d17.14
MinimumVisualStudioVersion = 10.0.40219.1
Project("{FAE04EC0-301F-11D3-BF4B-00C04F79EFBC}") = "Loja_de_Roupas", "Loja_de_Roupas.csproj", "{065C4DA8-8B18-46C3-8934-F75433880090}"
EndProject
Global
	GlobalSection(SolutionConfigurationPlatforms) = preSolution
		Debug|Any CPU = Debug|Any CPU
		Release|Any CPU = Release|Any CPU
	EndGlobalSection
	GlobalSection(ProjectConfigurationPlatforms) = postSolution
		{065C4DA8-8B18-46C3-8934-F75433880090}.Debug|Any CPU.ActiveCfg = Debug|Any CPU
		{065C4DA8-8B18-46C3-8934-F75433880090}.Debug|Any CPU.Build.0 = Debug|Any CPU
		{065C4DA8-8B18-46C3-8934-F75433880090}.Release|Any CPU.ActiveCfg = Release|Any CPU
		{065C4DA8-8B18-46C3-8934-F75433880090}.Release|Any CPU.Build.0 = Release|Any CPU
	EndGlobalSection
	GlobalSection(SolutionProperties) = preSolution
		HideSolutionNode = FALSE
	EndGlobalSection
	GlobalSection(ExtensibilityGlobals) = postSolution
		SolutionGuid = {F37295DF-F4DC-4711-825D-5C2DFC1349D0}
	EndGlobalSection
EndGlobal
