
Microsoft Visual Studio Solution File, Format Version 12.00
# Visual Studio Version 17
VisualStudioVersion = 17.14.36408.4 d17.14
MinimumVisualStudioVersion = 10.0.40219.1
Project("{FAE04EC0-301F-11D3-BF4B-00C04F79EFBC}") = "Verao_Capixaba_02", "Verao_Capixaba_02.csproj", "{94D16605-3CA1-430A-B532-E946E2042318}"
EndProject
Global
	GlobalSection(SolutionConfigurationPlatforms) = preSolution
		Debug|Any CPU = Debug|Any CPU
		Release|Any CPU = Release|Any CPU
	EndGlobalSection
	GlobalSection(ProjectConfigurationPlatforms) = postSolution
		{94D16605-3CA1-430A-B532-E946E2042318}.Debug|Any CPU.ActiveCfg = Debug|Any CPU
		{94D16605-3CA1-430A-B532-E946E2042318}.Debug|Any CPU.Build.0 = Debug|Any CPU
		{94D16605-3CA1-430A-B532-E946E2042318}.Release|Any CPU.ActiveCfg = Release|Any CPU
		{94D16605-3CA1-430A-B532-E946E2042318}.Release|Any CPU.Build.0 = Release|Any CPU
	EndGlobalSection
	GlobalSection(SolutionProperties) = preSolution
		HideSolutionNode = FALSE
	EndGlobalSection
	GlobalSection(ExtensibilityGlobals) = postSolution
		SolutionGuid = {3599F017-D997-4916-A3BB-0FDD40F9C005}
	EndGlobalSection
EndGlobal
