
Microsoft Visual Studio Solution File, Format Version 12.00
# Visual Studio Version 17
VisualStudioVersion = 17.11.35208.52
MinimumVisualStudioVersion = 10.0.40219.1
Project("{FAE04EC0-301F-11D3-BF4B-00C04F79EFBC}") = "Teste_Aula1208", "Teste_Aula1208.csproj", "{A478CC6D-6B5C-45AF-A1A8-BD000307030B}"
EndProject
Global
	GlobalSection(SolutionConfigurationPlatforms) = preSolution
		Debug|Any CPU = Debug|Any CPU
		Release|Any CPU = Release|Any CPU
	EndGlobalSection
	GlobalSection(ProjectConfigurationPlatforms) = postSolution
		{A478CC6D-6B5C-45AF-A1A8-BD000307030B}.Debug|Any CPU.ActiveCfg = Debug|Any CPU
		{A478CC6D-6B5C-45AF-A1A8-BD000307030B}.Debug|Any CPU.Build.0 = Debug|Any CPU
		{A478CC6D-6B5C-45AF-A1A8-BD000307030B}.Release|Any CPU.ActiveCfg = Release|Any CPU
		{A478CC6D-6B5C-45AF-A1A8-BD000307030B}.Release|Any CPU.Build.0 = Release|Any CPU
	EndGlobalSection
	GlobalSection(SolutionProperties) = preSolution
		HideSolutionNode = FALSE
	EndGlobalSection
	GlobalSection(ExtensibilityGlobals) = postSolution
		SolutionGuid = {6A199396-5C5A-4941-92E5-C807FB33E96C}
	EndGlobalSection
EndGlobal
